// !$*UTF8*$!
{
	archiveVersion = 1;
	classes = {
	};
	objectVersion = 50;
	objects = {

/* Begin PBXBuildFile section */
		6AFE866923F9297A00D296B3 /* AppDelegate.swift in Sources */ = {isa = PBXBuildFile; fileRef = 6AFE866823F9297A00D296B3 /* AppDelegate.swift */; };
		6AFE866D23F9297A00D296B3 /* ViewController.swift in Sources */ = {isa = PBXBuildFile; fileRef = 6AFE866C23F9297A00D296B3 /* ViewController.swift */; };
		6AFE867023F9297A00D296B3 /* Main.storyboard in Resources */ = {isa = PBXBuildFile; fileRef = 6AFE866E23F9297A00D296B3 /* Main.storyboard */; };
		6AFE867223F9297D00D296B3 /* Assets.xcassets in Resources */ = {isa = PBXBuildFile; fileRef = 6AFE867123F9297D00D296B3 /* Assets.xcassets */; };
		6AFE867523F9297D00D296B3 /* LaunchScreen.storyboard in Resources */ = {isa = PBXBuildFile; fileRef = 6AFE867323F9297D00D296B3 /* LaunchScreen.storyboard */; };
		6AFE867E23F92F8800D296B3 /* NetworkService.swift in Sources */ = {isa = PBXBuildFile; fileRef = 6AFE867D23F92F8800D296B3 /* NetworkService.swift */; };
		6AFE868123F9308A00D296B3 /* Tick.swift in Sources */ = {isa = PBXBuildFile; fileRef = 6AFE868023F9308A00D296B3 /* Tick.swift */; };
/* End PBXBuildFile section */

/* Begin PBXFileReference section */
		6AFE866523F9297A00D296B3 /* CandlesChart.app */ = {isa = PBXFileReference; explicitFileType = wrapper.application; includeInIndex = 0; path = CandlesChart.app; sourceTree = BUILT_PRODUCTS_DIR; };
		6AFE866823F9297A00D296B3 /* AppDelegate.swift */ = {isa = PBXFileReference; lastKnownFileType = sourcecode.swift; path = AppDelegate.swift; sourceTree = "<group>"; };
		6AFE866C23F9297A00D296B3 /* ViewController.swift */ = {isa = PBXFileReference; lastKnownFileType = sourcecode.swift; path = ViewController.swift; sourceTree = "<group>"; };
		6AFE866F23F9297A00D296B3 /* Base */ = {isa = PBXFileReference; lastKnownFileType = file.storyboard; name = Base; path = Base.lproj/Main.storyboard; sourceTree = "<group>"; };
		6AFE867123F9297D00D296B3 /* Assets.xcassets */ = {isa = PBXFileReference; lastKnownFileType = folder.assetcatalog; path = Assets.xcassets; sourceTree = "<group>"; };
		6AFE867423F9297D00D296B3 /* Base */ = {isa = PBXFileReference; lastKnownFileType = file.storyboard; name = Base; path = Base.lproj/LaunchScreen.storyboard; sourceTree = "<group>"; };
		6AFE867623F9297D00D296B3 /* Info.plist */ = {isa = PBXFileReference; lastKnownFileType = text.plist.xml; path = Info.plist; sourceTree = "<group>"; };
		6AFE867D23F92F8800D296B3 /* NetworkService.swift */ = {isa = PBXFileReference; lastKnownFileType = sourcecode.swift; path = NetworkService.swift; sourceTree = "<group>"; };
		6AFE868023F9308A00D296B3 /* Tick.swift */ = {isa = PBXFileReference; lastKnownFileType = sourcecode.swift; path = Tick.swift; sourceTree = "<group>"; };
/* End PBXFileReference section */

/* Begin PBXFrameworksBuildPhase section */
		6AFE866223F9297A00D296B3 /* Frameworks */ = {
			isa = PBXFrameworksBuildPhase;
			buildActionMask = 2147483647;
			files = (
			);
			runOnlyForDeploymentPostprocessing = 0;
		};
/* End PBXFrameworksBuildPhase section */

/* Begin PBXGroup section */
		6AFE865C23F9297A00D296B3 = {
			isa = PBXGroup;
			children = (
				6AFE866723F9297A00D296B3 /* CandlesChart */,
				6AFE866623F9297A00D296B3 /* Products */,
			);
			sourceTree = "<group>";
		};
		6AFE866623F9297A00D296B3 /* Products */ = {
			isa = PBXGroup;
			children = (
				6AFE866523F9297A00D296B3 /* CandlesChart.app */,
			);
			name = Products;
			sourceTree = "<group>";
		};
		6AFE866723F9297A00D296B3 /* CandlesChart */ = {
			isa = PBXGroup;
			children = (
				6AFE866823F9297A00D296B3 /* AppDelegate.swift */,
				6AFE866C23F9297A00D296B3 /* ViewController.swift */,
				6AFE867F23F9308000D296B3 /* Model */,
				6AFE867C23F92F7500D296B3 /* Data */,
				6AFE866E23F9297A00D296B3 /* Main.storyboard */,
				6AFE867123F9297D00D296B3 /* Assets.xcassets */,
				6AFE867323F9297D00D296B3 /* LaunchScreen.storyboard */,
				6AFE867623F9297D00D296B3 /* Info.plist */,
			);
			path = CandlesChart;
			sourceTree = "<group>";
		};
		6AFE867C23F92F7500D296B3 /* Data */ = {
			isa = PBXGroup;
			children = (
				6AFE867D23F92F8800D296B3 /* NetworkService.swift */,
			);
			path = Data;
			sourceTree = "<group>";
		};
		6AFE867F23F9308000D296B3 /* Model */ = {
			isa = PBXGroup;
			children = (
				6AFE868023F9308A00D296B3 /* Tick.swift */,
			);
			path = Model;
			sourceTree = "<group>";
		};
/* End PBXGroup section */

/* Begin PBXNativeTarget section */
		6AFE866423F9297A00D296B3 /* CandlesChart */ = {
			isa = PBXNativeTarget;
			buildConfigurationList = 6AFE867923F9297D00D296B3 /* Build configuration list for PBXNativeTarget "CandlesChart" */;
			buildPhases = (
				6AFE866123F9297A00D296B3 /* Sources */,
				6AFE866223F9297A00D296B3 /* Frameworks */,
				6AFE866323F9297A00D296B3 /* Resources */,
			);
			buildRules = (
			);
			dependencies = (
			);
			name = CandlesChart;
			productName = CandlesChart;
			productReference = 6AFE866523F9297A00D296B3 /* CandlesChart.app */;
			productType = "com.apple.product-type.application";
		};
/* End PBXNativeTarget section */

/* Begin PBXProject section */
		6AFE865D23F9297A00D296B3 /* Project object */ = {
			isa = PBXProject;
			attributes = {
				LastSwiftUpdateCheck = 1120;
				LastUpgradeCheck = 1120;
				ORGANIZATIONNAME = "Andrew Krotov";
				TargetAttributes = {
					6AFE866423F9297A00D296B3 = {
						CreatedOnToolsVersion = 11.2.1;
					};
				};
			};
			buildConfigurationList = 6AFE866023F9297A00D296B3 /* Build configuration list for PBXProject "CandlesChart" */;
			compatibilityVersion = "Xcode 9.3";
			developmentRegion = en;
			hasScannedForEncodings = 0;
			knownRegions = (
				en,
				Base,
			);
			mainGroup = 6AFE865C23F9297A00D296B3;
			productRefGroup = 6AFE866623F9297A00D296B3 /* Products */;
			projectDirPath = "";
			projectRoot = "";
			targets = (
				6AFE866423F9297A00D296B3 /* CandlesChart */,
			);
		};
/* End PBXProject section */

/* Begin PBXResourcesBuildPhase section */
		6AFE866323F9297A00D296B3 /* Resources */ = {
			isa = PBXResourcesBuildPhase;
			buildActionMask = 2147483647;
			files = (
				6AFE867523F9297D00D296B3 /* LaunchScreen.storyboard in Resources */,
				6AFE867223F9297D00D296B3 /* Assets.xcassets in Resources */,
				6AFE867023F9297A00D296B3 /* Main.storyboard in Resources */,
			);
			runOnlyForDeploymentPostprocessing = 0;
		};
/* End PBXResourcesBuildPhase section */

/* Begin PBXSourcesBuildPhase section */
		6AFE866123F9297A00D296B3 /* Sources */ = {
			isa = PBXSourcesBuildPhase;
			buildActionMask = 2147483647;
			files = (
				6AFE868123F9308A00D296B3 /* Tick.swift in Sources */,
				6AFE866D23F9297A00D296B3 /* ViewController.swift in Sources */,
				6AFE867E23F92F8800D296B3 /* NetworkService.swift in Sources */,
				6AFE866923F9297A00D296B3 /* AppDelegate.swift in Sources */,
			);
			runOnlyForDeploymentPostprocessing = 0;
		};
/* End PBXSourcesBuildPhase section */

/* Begin PBXVariantGroup section */
		6AFE866E23F9297A00D296B3 /* Main.storyboard */ = {
			isa = PBXVariantGroup;
			children = (
				6AFE866F23F9297A00D296B3 /* Base */,
			);
			name = Main.storyboard;
			sourceTree = "<group>";
		};
		6AFE867323F9297D00D296B3 /* LaunchScreen.storyboard */ = {
			isa = PBXVariantGroup;
			children = (
				6AFE867423F9297D00D296B3 /* Base */,
			);
			name = LaunchScreen.storyboard;
			sourceTree = "<group>";
		};
/* End PBXVariantGroup section */

/* Begin XCBuildConfiguration section */
		6AFE867723F9297D00D296B3 /* Debug */ = {
			isa = XCBuildConfiguration;
			buildSettings = {
				ALWAYS_SEARCH_USER_PATHS = NO;
				CLANG_ANALYZER_NONNULL = YES;
				CLANG_ANALYZER_NUMBER_OBJECT_CONVERSION = YES_AGGRESSIVE;
				CLANG_CXX_LANGUAGE_STANDARD = "gnu++14";
				CLANG_CXX_LIBRARY = "libc++";
				CLANG_ENABLE_MODULES = YES;
				CLANG_ENABLE_OBJC_ARC = YES;
				CLANG_ENABLE_OBJC_WEAK = YES;
				CLANG_WARN_BLOCK_CAPTURE_AUTORELEASING = YES;
				CLANG_WARN_BOOL_CONVERSION = YES;
				CLANG_WARN_COMMA = YES;
				CLANG_WARN_CONSTANT_CONVERSION = YES;
				CLANG_WARN_DEPRECATED_OBJC_IMPLEMENTATIONS = YES;
				CLANG_WARN_DIRECT_OBJC_ISA_USAGE = YES_ERROR;
				CLANG_WARN_DOCUMENTATION_COMMENTS = YES;
				CLANG_WARN_EMPTY_BODY = YES;
				CLANG_WARN_ENUM_CONVERSION = YES;
				CLANG_WARN_INFINITE_RECURSION = YES;
				CLANG_WARN_INT_CONVERSION = YES;
				CLANG_WARN_NON_LITERAL_NULL_CONVERSION = YES;
				CLANG_WARN_OBJC_IMPLICIT_RETAIN_SELF = YES;
				CLANG_WARN_OBJC_LITERAL_CONVERSION = YES;
				CLANG_WARN_OBJC_ROOT_CLASS = YES_ERROR;
				CLANG_WARN_RANGE_LOOP_ANALYSIS = YES;
				CLANG_WARN_STRICT_PROTOTYPES = YES;
				CLANG_WARN_SUSPICIOUS_MOVE = YES;
				CLANG_WARN_UNGUARDED_AVAILABILITY = YES_AGGRESSIVE;
				CLANG_WARN_UNREACHABLE_CODE = YES;
				CLANG_WARN__DUPLICATE_METHOD_MATCH = YES;
				COPY_PHASE_STRIP = NO;
				DEBUG_INFORMATION_FORMAT = dwarf;
				ENABLE_STRICT_OBJC_MSGSEND = YES;
				ENABLE_TESTABILITY = YES;
				GCC_C_LANGUAGE_STANDARD = gnu11;
				GCC_DYNAMIC_NO_PIC = NO;
				GCC_NO_COMMON_BLOCKS = YES;
				GCC_OPTIMIZATION_LEVEL = 0;
				GCC_PREPROCESSOR_DEFINITIONS = (
					"DEBUG=1",
					"$(inherited)",
				);
				GCC_WARN_64_TO_32_BIT_CONVERSION = YES;
				GCC_WARN_ABOUT_RETURN_TYPE = YES_ERROR;
				GCC_WARN_UNDECLARED_SELECTOR = YES;
				GCC_WARN_UNINITIALIZED_AUTOS = YES_AGGRESSIVE;
				GCC_WARN_UNUSED_FUNCTION = YES;
				GCC_WARN_UNUSED_VARIABLE = YES;
				IPHONEOS_DEPLOYMENT_TARGET = 13.2;
				MTL_ENABLE_DEBUG_INFO = INCLUDE_SOURCE;
				MTL_FAST_MATH = YES;
				ONLY_ACTIVE_ARCH = YES;
				SDKROOT = iphoneos;
				SWIFT_ACTIVE_COMPILATION_CONDITIONS = DEBUG;
				SWIFT_OPTIMIZATION_LEVEL = "-Onone";
			};
			name = Debug;
		};
		6AFE867823F9297D00D296B3 /* Release */ = {
			isa = XCBuildConfiguration;
			buildSettings = {
				ALWAYS_SEARCH_USER_PATHS = NO;
				CLANG_ANALYZER_NONNULL = YES;
				CLANG_ANALYZER_NUMBER_OBJECT_CONVERSION = YES_AGGRESSIVE;
				CLANG_CXX_LANGUAGE_STANDARD = "gnu++14";
				CLANG_CXX_LIBRARY = "libc++";
				CLANG_ENABLE_MODULES = YES;
				CLANG_ENABLE_OBJC_ARC = YES;
				CLANG_ENABLE_OBJC_WEAK = YES;
				CLANG_WARN_BLOCK_CAPTURE_AUTORELEASING = YES;
				CLANG_WARN_BOOL_CONVERSION = YES;
				CLANG_WARN_COMMA = YES;
				CLANG_WARN_CONSTANT_CONVERSION = YES;
				CLANG_WARN_DEPRECATED_OBJC_IMPLEMENTATIONS = YES;
				CLANG_WARN_DIRECT_OBJC_ISA_USAGE = YES_ERROR;
				CLANG_WARN_DOCUMENTATION_COMMENTS = YES;
				CLANG_WARN_EMPTY_BODY = YES;
				CLANG_WARN_ENUM_CONVERSION = YES;
				CLANG_WARN_INFINITE_RECURSION = YES;
				CLANG_WARN_INT_CONVERSION = YES;
				CLANG_WARN_NON_LITERAL_NULL_CONVERSION = YES;
				CLANG_WARN_OBJC_IMPLICIT_RETAIN_SELF = YES;
				CLANG_WARN_OBJC_LITERAL_CONVERSION = YES;
				CLANG_WARN_OBJC_ROOT_CLASS = YES_ERROR;
				CLANG_WARN_RANGE_LOOP_ANALYSIS = YES;
				CLANG_WARN_STRICT_PROTOTYPES = YES;
				CLANG_WARN_SUSPICIOUS_MOVE = YES;
				CLANG_WARN_UNGUARDED_AVAILABILITY = YES_AGGRESSIVE;
				CLANG_WARN_UNREACHABLE_CODE = YES;
				CLANG_WARN__DUPLICATE_METHOD_MATCH = YES;
				COPY_PHASE_STRIP = NO;
				DEBUG_INFORMATION_FORMAT = "dwarf-with-dsym";
				ENABLE_NS_ASSERTIONS = NO;
				ENABLE_STRICT_OBJC_MSGSEND = YES;
				GCC_C_LANGUAGE_STANDARD = gnu11;
				GCC_NO_COMMON_BLOCKS = YES;
				GCC_WARN_64_TO_32_BIT_CONVERSION = YES;
				GCC_WARN_ABOUT_RETURN_TYPE = YES_ERROR;
				GCC_WARN_UNDECLARED_SELECTOR = YES;
				GCC_WARN_UNINITIALIZED_AUTOS = YES_AGGRESSIVE;
				GCC_WARN_UNUSED_FUNCTION = YES;
				GCC_WARN_UNUSED_VARIABLE = YES;
				IPHONEOS_DEPLOYMENT_TARGET = 13.2;
				MTL_ENABLE_DEBUG_INFO = NO;
				MTL_FAST_MATH = YES;
				SDKROOT = iphoneos;
				SWIFT_COMPILATION_MODE = wholemodule;
				SWIFT_OPTIMIZATION_LEVEL = "-O";
				VALIDATE_PRODUCT = YES;
			};
			name = Release;
		};
		6AFE867A23F9297D00D296B3 /* Debug */ = {
			isa = XCBuildConfiguration;
			buildSettings = {
				ASSETCATALOG_COMPILER_APPICON_NAME = AppIcon;
				CODE_SIGN_STYLE = Automatic;
				DEVELOPMENT_TEAM = 2Q72JE9WMB;
				INFOPLIST_FILE = CandlesChart/Info.plist;
				LD_RUNPATH_SEARCH_PATHS = (
					"$(inherited)",
					"@executable_path/Frameworks",
				);
				PRODUCT_BUNDLE_IDENTIFIER = com.krotov.CandlesChart;
				PRODUCT_NAME = "$(TARGET_NAME)";
				SWIFT_VERSION = 5.0;
				TARGETED_DEVICE_FAMILY = "1,2";
			};
			name = Debug;
		};
		6AFE867B23F9297D00D296B3 /* Release */ = {
			isa = XCBuildConfiguration;
			buildSettings = {
				ASSETCATALOG_COMPILER_APPICON_NAME = AppIcon;
				CODE_SIGN_STYLE = Automatic;
				DEVELOPMENT_TEAM = 2Q72JE9WMB;
				INFOPLIST_FILE = CandlesChart/Info.plist;
				LD_RUNPATH_SEARCH_PATHS = (
					"$(inherited)",
					"@executable_path/Frameworks",
				);
				PRODUCT_BUNDLE_IDENTIFIER = com.krotov.CandlesChart;
				PRODUCT_NAME = "$(TARGET_NAME)";
				SWIFT_VERSION = 5.0;
				TARGETED_DEVICE_FAMILY = "1,2";
			};
			name = Release;
		};
/* End XCBuildConfiguration section */

/* Begin XCConfigurationList section */
		6AFE866023F9297A00D296B3 /* Build configuration list for PBXProject "CandlesChart" */ = {
			isa = XCConfigurationList;
			buildConfigurations = (
				6AFE867723F9297D00D296B3 /* Debug */,
				6AFE867823F9297D00D296B3 /* Release */,
			);
			defaultConfigurationIsVisible = 0;
			defaultConfigurationName = Release;
		};
		6AFE867923F9297D00D296B3 /* Build configuration list for PBXNativeTarget "CandlesChart" */ = {
			isa = XCConfigurationList;
			buildConfigurations = (
				6AFE867A23F9297D00D296B3 /* Debug */,
				6AFE867B23F9297D00D296B3 /* Release */,
			);
			defaultConfigurationIsVisible = 0;
			defaultConfigurationName = Release;
		};
/* End XCConfigurationList section */
	};
	rootObject = 6AFE865D23F9297A00D296B3 /* Project object */;
}
